<?xml version="1.0" encoding="UTF-8" standalone="yes" ?>
<CodeBlocks_project_file>
	<FileVersion major="1" minor="6" />
	<Project>
		<Option title="Project1" />
		<Option pch_mode="2" />
		<Option compiler="gcc" />
		<Build>
			<Target title="default">
				<Option output="Project1" prefix_auto="1" extension_auto="1" />
				<Option type="0" />
				<Option compiler="gcc" />
			</Target>
		</Build>
		<Linker>
			<Add option="-lcomctl32" />
			<Add option="-lgdi32" />
			<Add library="comctl32" />
			<Add library="libcomctl32" />
			<Add library="gdi32" />
		</Linker>
		<Unit filename="Mastermind.cbp" />
		<Unit filename="main.c">
			<Option compilerVar="CC" />
		</Unit>
		<Unit filename="master.bmp" />
		<Unit filename="master.ico" />
		<Unit filename="ressources.h">
			<Option compilerVar="CC" />
		</Unit>
		<Unit filename="ressources.rc">
			<Option compilerVar="CPP" />
		</Unit>
		<Unit filename="test.txt" />
		<Extensions />
	</Project>
</CodeBlocks_project_file>
